
Microsoft Visual Studio Solution File, Format Version 12.00
# Visual Studio Version 16
VisualStudioVersion = 16.0.30621.155
MinimumVisualStudioVersion = 10.0.40219.1
Project("{FAE04EC0-301F-11D3-BF4B-00C04F79EFBC}") = "DmToEuro", "DmToEuro.csproj", "{607BBA05-1F4D-4A42-B6F5-18E7280C9CD6}"
EndProject
Global
	GlobalSection(SolutionConfigurationPlatforms) = preSolution
		Debug|Any CPU = Debug|Any CPU
		Release|Any CPU = Release|Any CPU
	EndGlobalSection
	GlobalSection(ProjectConfigurationPlatforms) = postSolution
		{607BBA05-1F4D-4A42-B6F5-18E7280C9CD6}.Debug|Any CPU.ActiveCfg = Debug|Any CPU
		{607BBA05-1F4D-4A42-B6F5-18E7280C9CD6}.Debug|Any CPU.Build.0 = Debug|Any CPU
		{607BBA05-1F4D-4A42-B6F5-18E7280C9CD6}.Release|Any CPU.ActiveCfg = Release|Any CPU
		{607BBA05-1F4D-4A42-B6F5-18E7280C9CD6}.Release|Any CPU.Build.0 = Release|Any CPU
	EndGlobalSection
	GlobalSection(SolutionProperties) = preSolution
		HideSolutionNode = FALSE
	EndGlobalSection
	GlobalSection(ExtensibilityGlobals) = postSolution
		SolutionGuid = {4BFF8B70-DCD8-43BC-9D2C-E3416F766FB0}
	EndGlobalSection
EndGlobal
