
Microsoft Visual Studio Solution File, Format Version 10.00
# Visual C# Express 2008
Project("{FAE04EC0-301F-11D3-BF4B-00C04F79EFBC}") = "Pen", "Pen.csproj", "{96B2907F-5ACD-457A-B269-98FBBACDC74F}"
EndProject
Global
	GlobalSection(SolutionConfigurationPlatforms) = preSolution
		Debug|Any CPU = Debug|Any CPU
		Release|Any CPU = Release|Any CPU
	EndGlobalSection
	GlobalSection(ProjectConfigurationPlatforms) = postSolution
		{96B2907F-5ACD-457A-B269-98FBBACDC74F}.Debug|Any CPU.ActiveCfg = Debug|Any CPU
		{96B2907F-5ACD-457A-B269-98FBBACDC74F}.Debug|Any CPU.Build.0 = Debug|Any CPU
		{96B2907F-5ACD-457A-B269-98FBBACDC74F}.Release|Any CPU.ActiveCfg = Release|Any CPU
		{96B2907F-5ACD-457A-B269-98FBBACDC74F}.Release|Any CPU.Build.0 = Release|Any CPU
	EndGlobalSection
	GlobalSection(SolutionProperties) = preSolution
		HideSolutionNode = FALSE
	EndGlobalSection
EndGlobal
