
Microsoft Visual Studio Solution File, Format Version 12.00
# Visual Studio Version 16
VisualStudioVersion = 16.0.31424.327
MinimumVisualStudioVersion = 10.0.40219.1
Project("{9A19103F-16F7-4668-BE54-9A1E7A4F7556}") = "Migration nach Reserse Engineering", "Migration nach Reserse Engineering.csproj", "{3225B291-EEE7-453A-A0B8-6D39A8552123}"
EndProject
Global
	GlobalSection(SolutionConfigurationPlatforms) = preSolution
		Debug|Any CPU = Debug|Any CPU
		Release|Any CPU = Release|Any CPU
	EndGlobalSection
	GlobalSection(ProjectConfigurationPlatforms) = postSolution
		{3225B291-EEE7-453A-A0B8-6D39A8552123}.Debug|Any CPU.ActiveCfg = Debug|Any CPU
		{3225B291-EEE7-453A-A0B8-6D39A8552123}.Debug|Any CPU.Build.0 = Debug|Any CPU
		{3225B291-EEE7-453A-A0B8-6D39A8552123}.Release|Any CPU.ActiveCfg = Release|Any CPU
		{3225B291-EEE7-453A-A0B8-6D39A8552123}.Release|Any CPU.Build.0 = Release|Any CPU
	EndGlobalSection
	GlobalSection(SolutionProperties) = preSolution
		HideSolutionNode = FALSE
	EndGlobalSection
	GlobalSection(ExtensibilityGlobals) = postSolution
		SolutionGuid = {F143B642-1EFE-49F3-86DA-F7B5C1B04CAD}
	EndGlobalSection
EndGlobal
