
Microsoft Visual Studio Solution File, Format Version 9.00
# Visual C# Express 2005
Project("{FAE04EC0-301F-11D3-BF4B-00C04F79EFBC}") = "ArgumentOutOfRangeException", "ArgumentOutOfRangeException.csproj", "{9BD82523-0DD7-4B33-9D90-1547DB5E00A0}"
EndProject
Global
	GlobalSection(SolutionConfigurationPlatforms) = preSolution
		Debug|Any CPU = Debug|Any CPU
		Release|Any CPU = Release|Any CPU
	EndGlobalSection
	GlobalSection(ProjectConfigurationPlatforms) = postSolution
		{9BD82523-0DD7-4B33-9D90-1547DB5E00A0}.Debug|Any CPU.ActiveCfg = Debug|Any CPU
		{9BD82523-0DD7-4B33-9D90-1547DB5E00A0}.Debug|Any CPU.Build.0 = Debug|Any CPU
		{9BD82523-0DD7-4B33-9D90-1547DB5E00A0}.Release|Any CPU.ActiveCfg = Release|Any CPU
		{9BD82523-0DD7-4B33-9D90-1547DB5E00A0}.Release|Any CPU.Build.0 = Release|Any CPU
	EndGlobalSection
	GlobalSection(SolutionProperties) = preSolution
		HideSolutionNode = FALSE
	EndGlobalSection
EndGlobal
