
Microsoft Visual Studio Solution File, Format Version 12.00
# Visual Studio 15
VisualStudioVersion = 15.0.28010.2046
MinimumVisualStudioVersion = 10.0.40219.1
Project("{FAE04EC0-301F-11D3-BF4B-00C04F79EFBC}") = "FloP", "FloP.csproj", "{D89A03C8-340A-4253-8DD2-DFB23E7BACC9}"
EndProject
Global
	GlobalSection(SolutionConfigurationPlatforms) = preSolution
		Debug|Any CPU = Debug|Any CPU
		Release|Any CPU = Release|Any CPU
	EndGlobalSection
	GlobalSection(ProjectConfigurationPlatforms) = postSolution
		{D89A03C8-340A-4253-8DD2-DFB23E7BACC9}.Debug|Any CPU.ActiveCfg = Debug|Any CPU
		{D89A03C8-340A-4253-8DD2-DFB23E7BACC9}.Debug|Any CPU.Build.0 = Debug|Any CPU
		{D89A03C8-340A-4253-8DD2-DFB23E7BACC9}.Release|Any CPU.ActiveCfg = Release|Any CPU
		{D89A03C8-340A-4253-8DD2-DFB23E7BACC9}.Release|Any CPU.Build.0 = Release|Any CPU
	EndGlobalSection
	GlobalSection(SolutionProperties) = preSolution
		HideSolutionNode = FALSE
	EndGlobalSection
	GlobalSection(ExtensibilityGlobals) = postSolution
		SolutionGuid = {1670C23F-AA23-4933-B5C8-15E5B6A7990A}
	EndGlobalSection
EndGlobal
