
Microsoft Visual Studio Solution File, Format Version 12.00
# Visual Studio 15
VisualStudioVersion = 15.0.28307.329
MinimumVisualStudioVersion = 10.0.40219.1
Project("{FAE04EC0-301F-11D3-BF4B-00C04F79EFBC}") = "WpfApp", "WpfApp.csproj", "{134A6A74-596E-401E-81F9-8717CCF76220}"
EndProject
Global
	GlobalSection(SolutionConfigurationPlatforms) = preSolution
		Debug|Any CPU = Debug|Any CPU
		Release|Any CPU = Release|Any CPU
	EndGlobalSection
	GlobalSection(ProjectConfigurationPlatforms) = postSolution
		{134A6A74-596E-401E-81F9-8717CCF76220}.Debug|Any CPU.ActiveCfg = Debug|Any CPU
		{134A6A74-596E-401E-81F9-8717CCF76220}.Debug|Any CPU.Build.0 = Debug|Any CPU
		{134A6A74-596E-401E-81F9-8717CCF76220}.Release|Any CPU.ActiveCfg = Release|Any CPU
		{134A6A74-596E-401E-81F9-8717CCF76220}.Release|Any CPU.Build.0 = Release|Any CPU
	EndGlobalSection
	GlobalSection(SolutionProperties) = preSolution
		HideSolutionNode = FALSE
	EndGlobalSection
	GlobalSection(ExtensibilityGlobals) = postSolution
		SolutionGuid = {04E21867-B748-40F6-A8B4-C75F2B01EE82}
	EndGlobalSection
EndGlobal
