
Microsoft Visual Studio Solution File, Format Version 10.00
# Visual C# Express 2008
Project("{FAE04EC0-301F-11D3-BF4B-00C04F79EFBC}") = "b6 Rekursion", "b6 Rekursion.csproj", "{19158411-84D9-42DD-9048-103B4FCA35AA}"
EndProject
Global
	GlobalSection(SolutionConfigurationPlatforms) = preSolution
		Debug|Any CPU = Debug|Any CPU
		Release|Any CPU = Release|Any CPU
	EndGlobalSection
	GlobalSection(ProjectConfigurationPlatforms) = postSolution
		{19158411-84D9-42DD-9048-103B4FCA35AA}.Debug|Any CPU.ActiveCfg = Debug|Any CPU
		{19158411-84D9-42DD-9048-103B4FCA35AA}.Debug|Any CPU.Build.0 = Debug|Any CPU
		{19158411-84D9-42DD-9048-103B4FCA35AA}.Release|Any CPU.ActiveCfg = Release|Any CPU
		{19158411-84D9-42DD-9048-103B4FCA35AA}.Release|Any CPU.Build.0 = Release|Any CPU
	EndGlobalSection
	GlobalSection(SolutionProperties) = preSolution
		HideSolutionNode = FALSE
	EndGlobalSection
EndGlobal
