
Microsoft Visual Studio Solution File, Format Version 10.00
# Visual C# Express 2008
Project("{FAE04EC0-301F-11D3-BF4B-00C04F79EFBC}") = "DataReader", "DataReader.csproj", "{78D02DBC-179A-4AF1-9A99-2755D7BC1C83}"
EndProject
Global
	GlobalSection(SolutionConfigurationPlatforms) = preSolution
		Debug|Any CPU = Debug|Any CPU
		Release|Any CPU = Release|Any CPU
	EndGlobalSection
	GlobalSection(ProjectConfigurationPlatforms) = postSolution
		{78D02DBC-179A-4AF1-9A99-2755D7BC1C83}.Debug|Any CPU.ActiveCfg = Debug|Any CPU
		{78D02DBC-179A-4AF1-9A99-2755D7BC1C83}.Debug|Any CPU.Build.0 = Debug|Any CPU
		{78D02DBC-179A-4AF1-9A99-2755D7BC1C83}.Release|Any CPU.ActiveCfg = Release|Any CPU
		{78D02DBC-179A-4AF1-9A99-2755D7BC1C83}.Release|Any CPU.Build.0 = Release|Any CPU
	EndGlobalSection
	GlobalSection(SolutionProperties) = preSolution
		HideSolutionNode = FALSE
	EndGlobalSection
EndGlobal
