
Microsoft Visual Studio Solution File, Format Version 10.00
# Visual C# Express 2008
Project("{FAE04EC0-301F-11D3-BF4B-00C04F79EFBC}") = "CharBits", "CharBits.csproj", "{A12E0ECE-390B-4717-9A14-119E648F2AE7}"
EndProject
Global
	GlobalSection(SolutionConfigurationPlatforms) = preSolution
		Debug|Any CPU = Debug|Any CPU
		Release|Any CPU = Release|Any CPU
	EndGlobalSection
	GlobalSection(ProjectConfigurationPlatforms) = postSolution
		{A12E0ECE-390B-4717-9A14-119E648F2AE7}.Debug|Any CPU.ActiveCfg = Debug|Any CPU
		{A12E0ECE-390B-4717-9A14-119E648F2AE7}.Debug|Any CPU.Build.0 = Debug|Any CPU
		{A12E0ECE-390B-4717-9A14-119E648F2AE7}.Release|Any CPU.ActiveCfg = Release|Any CPU
		{A12E0ECE-390B-4717-9A14-119E648F2AE7}.Release|Any CPU.Build.0 = Release|Any CPU
	EndGlobalSection
	GlobalSection(SolutionProperties) = preSolution
		HideSolutionNode = FALSE
	EndGlobalSection
EndGlobal
