
Microsoft Visual Studio Solution File, Format Version 12.00
# Visual Studio Version 16
VisualStudioVersion = 16.0.30804.86
MinimumVisualStudioVersion = 10.0.40219.1
Project("{FAE04EC0-301F-11D3-BF4B-00C04F79EFBC}") = "RssFeedReader", "RssFeedReader.csproj", "{BC143444-9D20-4293-B8C0-98BA139C4F75}"
EndProject
Global
	GlobalSection(SolutionConfigurationPlatforms) = preSolution
		Debug|Any CPU = Debug|Any CPU
		Release|Any CPU = Release|Any CPU
	EndGlobalSection
	GlobalSection(ProjectConfigurationPlatforms) = postSolution
		{BC143444-9D20-4293-B8C0-98BA139C4F75}.Debug|Any CPU.ActiveCfg = Debug|Any CPU
		{BC143444-9D20-4293-B8C0-98BA139C4F75}.Debug|Any CPU.Build.0 = Debug|Any CPU
		{BC143444-9D20-4293-B8C0-98BA139C4F75}.Release|Any CPU.ActiveCfg = Release|Any CPU
		{BC143444-9D20-4293-B8C0-98BA139C4F75}.Release|Any CPU.Build.0 = Release|Any CPU
	EndGlobalSection
	GlobalSection(SolutionProperties) = preSolution
		HideSolutionNode = FALSE
	EndGlobalSection
	GlobalSection(ExtensibilityGlobals) = postSolution
		SolutionGuid = {E8680682-8F38-4AAD-B375-48B94348393E}
	EndGlobalSection
EndGlobal
