
Microsoft Visual Studio Solution File, Format Version 12.00
# Visual Studio Version 16
VisualStudioVersion = 16.0.30907.101
MinimumVisualStudioVersion = 10.0.40219.1
Project("{FAE04EC0-301F-11D3-BF4B-00C04F79EFBC}") = "ButtonText", "ButtonText.csproj", "{5A4C436E-7E0D-40E8-9D18-A7CA9E7BFD2D}"
EndProject
Global
	GlobalSection(SolutionConfigurationPlatforms) = preSolution
		Debug|Any CPU = Debug|Any CPU
		Release|Any CPU = Release|Any CPU
	EndGlobalSection
	GlobalSection(ProjectConfigurationPlatforms) = postSolution
		{5A4C436E-7E0D-40E8-9D18-A7CA9E7BFD2D}.Debug|Any CPU.ActiveCfg = Debug|Any CPU
		{5A4C436E-7E0D-40E8-9D18-A7CA9E7BFD2D}.Debug|Any CPU.Build.0 = Debug|Any CPU
		{5A4C436E-7E0D-40E8-9D18-A7CA9E7BFD2D}.Release|Any CPU.ActiveCfg = Release|Any CPU
		{5A4C436E-7E0D-40E8-9D18-A7CA9E7BFD2D}.Release|Any CPU.Build.0 = Release|Any CPU
	EndGlobalSection
	GlobalSection(SolutionProperties) = preSolution
		HideSolutionNode = FALSE
	EndGlobalSection
	GlobalSection(ExtensibilityGlobals) = postSolution
		SolutionGuid = {E74F0100-3AD7-4E1B-B762-B8D587AB3AAB}
	EndGlobalSection
EndGlobal
