
Microsoft Visual Studio Solution File, Format Version 12.00
# Visual Studio Version 16
VisualStudioVersion = 16.0.31205.134
MinimumVisualStudioVersion = 10.0.40219.1
Project("{FAE04EC0-301F-11D3-BF4B-00C04F79EFBC}") = "Rekursion", "Rekursion.csproj", "{3421607B-8CEC-45D2-9BC4-B30044676FDA}"
EndProject
Global
	GlobalSection(SolutionConfigurationPlatforms) = preSolution
		Debug|Any CPU = Debug|Any CPU
		Release|Any CPU = Release|Any CPU
	EndGlobalSection
	GlobalSection(ProjectConfigurationPlatforms) = postSolution
		{3421607B-8CEC-45D2-9BC4-B30044676FDA}.Debug|Any CPU.ActiveCfg = Debug|Any CPU
		{3421607B-8CEC-45D2-9BC4-B30044676FDA}.Debug|Any CPU.Build.0 = Debug|Any CPU
		{3421607B-8CEC-45D2-9BC4-B30044676FDA}.Release|Any CPU.ActiveCfg = Release|Any CPU
		{3421607B-8CEC-45D2-9BC4-B30044676FDA}.Release|Any CPU.Build.0 = Release|Any CPU
	EndGlobalSection
	GlobalSection(SolutionProperties) = preSolution
		HideSolutionNode = FALSE
	EndGlobalSection
	GlobalSection(ExtensibilityGlobals) = postSolution
		SolutionGuid = {381C532C-A72B-4BB7-9FE6-0EBAAEAD52B7}
	EndGlobalSection
EndGlobal
