
Microsoft Visual Studio Solution File, Format Version 12.00
# Visual Studio 15
VisualStudioVersion = 15.0.28010.2050
MinimumVisualStudioVersion = 10.0.40219.1
Project("{FAE04EC0-301F-11D3-BF4B-00C04F79EFBC}") = "Gen4Struct", "Gen4Struct.csproj", "{F7ABFB92-CC78-4321-9905-B2A358356426}"
EndProject
Global
	GlobalSection(SolutionConfigurationPlatforms) = preSolution
		Debug|Any CPU = Debug|Any CPU
		Release|Any CPU = Release|Any CPU
	EndGlobalSection
	GlobalSection(ProjectConfigurationPlatforms) = postSolution
		{F7ABFB92-CC78-4321-9905-B2A358356426}.Debug|Any CPU.ActiveCfg = Debug|Any CPU
		{F7ABFB92-CC78-4321-9905-B2A358356426}.Debug|Any CPU.Build.0 = Debug|Any CPU
		{F7ABFB92-CC78-4321-9905-B2A358356426}.Release|Any CPU.ActiveCfg = Release|Any CPU
		{F7ABFB92-CC78-4321-9905-B2A358356426}.Release|Any CPU.Build.0 = Release|Any CPU
	EndGlobalSection
	GlobalSection(SolutionProperties) = preSolution
		HideSolutionNode = FALSE
	EndGlobalSection
	GlobalSection(ExtensibilityGlobals) = postSolution
		SolutionGuid = {B9AC30BB-7774-4817-8B9C-76D40C6EE394}
	EndGlobalSection
EndGlobal
