
Microsoft Visual Studio Solution File, Format Version 10.00
# Visual C# Express 2008
Project("{FAE04EC0-301F-11D3-BF4B-00C04F79EFBC}") = "ObsoleteMethod", "ObsoleteMethod.csproj", "{FB5BFAC3-9FF9-4201-8B53-4F3F186AF80C}"
EndProject
Global
	GlobalSection(SolutionConfigurationPlatforms) = preSolution
		Debug|Any CPU = Debug|Any CPU
		Release|Any CPU = Release|Any CPU
	EndGlobalSection
	GlobalSection(ProjectConfigurationPlatforms) = postSolution
		{FB5BFAC3-9FF9-4201-8B53-4F3F186AF80C}.Debug|Any CPU.ActiveCfg = Debug|Any CPU
		{FB5BFAC3-9FF9-4201-8B53-4F3F186AF80C}.Debug|Any CPU.Build.0 = Debug|Any CPU
		{FB5BFAC3-9FF9-4201-8B53-4F3F186AF80C}.Release|Any CPU.ActiveCfg = Release|Any CPU
		{FB5BFAC3-9FF9-4201-8B53-4F3F186AF80C}.Release|Any CPU.Build.0 = Release|Any CPU
	EndGlobalSection
	GlobalSection(SolutionProperties) = preSolution
		HideSolutionNode = FALSE
	EndGlobalSection
EndGlobal
