
Microsoft Visual Studio Solution File, Format Version 10.00
# Visual C# Express 2008
Project("{FAE04EC0-301F-11D3-BF4B-00C04F79EFBC}") = "b8 Aggregation", "b8 Aggregation.csproj", "{574E0824-9E01-47EE-A702-BF204154058F}"
EndProject
Global
	GlobalSection(SolutionConfigurationPlatforms) = preSolution
		Debug|Any CPU = Debug|Any CPU
		Release|Any CPU = Release|Any CPU
	EndGlobalSection
	GlobalSection(ProjectConfigurationPlatforms) = postSolution
		{574E0824-9E01-47EE-A702-BF204154058F}.Debug|Any CPU.ActiveCfg = Debug|Any CPU
		{574E0824-9E01-47EE-A702-BF204154058F}.Debug|Any CPU.Build.0 = Debug|Any CPU
		{574E0824-9E01-47EE-A702-BF204154058F}.Release|Any CPU.ActiveCfg = Release|Any CPU
		{574E0824-9E01-47EE-A702-BF204154058F}.Release|Any CPU.Build.0 = Release|Any CPU
	EndGlobalSection
	GlobalSection(SolutionProperties) = preSolution
		HideSolutionNode = FALSE
	EndGlobalSection
EndGlobal
