
Microsoft Visual Studio Solution File, Format Version 12.00
# Visual Studio 15
VisualStudioVersion = 15.0.28307.421
MinimumVisualStudioVersion = 10.0.40219.1
Project("{FAE04EC0-301F-11D3-BF4B-00C04F79EFBC}") = "WPF-Timer", "WPF-Timer.csproj", "{B773DFFA-23A7-48D1-B956-41E86022E360}"
EndProject
Global
	GlobalSection(SolutionConfigurationPlatforms) = preSolution
		Debug|Any CPU = Debug|Any CPU
		Release|Any CPU = Release|Any CPU
	EndGlobalSection
	GlobalSection(ProjectConfigurationPlatforms) = postSolution
		{B773DFFA-23A7-48D1-B956-41E86022E360}.Debug|Any CPU.ActiveCfg = Debug|Any CPU
		{B773DFFA-23A7-48D1-B956-41E86022E360}.Debug|Any CPU.Build.0 = Debug|Any CPU
		{B773DFFA-23A7-48D1-B956-41E86022E360}.Release|Any CPU.ActiveCfg = Release|Any CPU
		{B773DFFA-23A7-48D1-B956-41E86022E360}.Release|Any CPU.Build.0 = Release|Any CPU
	EndGlobalSection
	GlobalSection(SolutionProperties) = preSolution
		HideSolutionNode = FALSE
	EndGlobalSection
	GlobalSection(ExtensibilityGlobals) = postSolution
		SolutionGuid = {9C654197-730D-4F22-8446-3AB421C04D4E}
	EndGlobalSection
EndGlobal
