Microsoft Visual Studio Solution File, Format Version 9.00
# SharpDevelop 2.0.0.1710
Project("{FAE04EC0-301F-11D3-BF4B-00C04F79EFBC}") = "Primitiv", "Primitiv.csproj", "{FB2CC364-870E-40B0-BBFE-A487FF42A4BC}"
EndProject
Global
	GlobalSection(SolutionConfigurationPlatforms) = preSolution
		Debug|Any CPU = Debug|Any CPU
		Release|Any CPU = Release|Any CPU
	EndGlobalSection
	GlobalSection(ProjectConfigurationPlatforms) = postSolution
		{FB2CC364-870E-40B0-BBFE-A487FF42A4BC}.Debug|Any CPU.Build.0 = Debug|Any CPU
		{FB2CC364-870E-40B0-BBFE-A487FF42A4BC}.Debug|Any CPU.ActiveCfg = Debug|Any CPU
		{FB2CC364-870E-40B0-BBFE-A487FF42A4BC}.Release|Any CPU.Build.0 = Release|Any CPU
		{FB2CC364-870E-40B0-BBFE-A487FF42A4BC}.Release|Any CPU.ActiveCfg = Release|Any CPU
	EndGlobalSection
EndGlobal
