
Microsoft Visual Studio Solution File, Format Version 12.00
# Visual Studio Version 16
VisualStudioVersion = 16.0.30717.126
MinimumVisualStudioVersion = 10.0.40219.1
Project("{9A19103F-16F7-4668-BE54-9A1E7A4F7556}") = "AsyncStreamMethods", "AsyncStreamMethods.csproj", "{673E8766-3BB6-4D59-AC9B-B54B434C324C}"
EndProject
Global
	GlobalSection(SolutionConfigurationPlatforms) = preSolution
		Debug|Any CPU = Debug|Any CPU
		Release|Any CPU = Release|Any CPU
	EndGlobalSection
	GlobalSection(ProjectConfigurationPlatforms) = postSolution
		{673E8766-3BB6-4D59-AC9B-B54B434C324C}.Debug|Any CPU.ActiveCfg = Debug|Any CPU
		{673E8766-3BB6-4D59-AC9B-B54B434C324C}.Debug|Any CPU.Build.0 = Debug|Any CPU
		{673E8766-3BB6-4D59-AC9B-B54B434C324C}.Release|Any CPU.ActiveCfg = Release|Any CPU
		{673E8766-3BB6-4D59-AC9B-B54B434C324C}.Release|Any CPU.Build.0 = Release|Any CPU
	EndGlobalSection
	GlobalSection(SolutionProperties) = preSolution
		HideSolutionNode = FALSE
	EndGlobalSection
	GlobalSection(ExtensibilityGlobals) = postSolution
		SolutionGuid = {B4C85E17-32C3-4975-B24E-A64234525604}
	EndGlobalSection
EndGlobal
