
Microsoft Visual Studio Solution File, Format Version 12.00
# Visual Studio 15
VisualStudioVersion = 15.0.28010.2050
MinimumVisualStudioVersion = 10.0.40219.1
Project("{FAE04EC0-301F-11D3-BF4B-00C04F79EFBC}") = "TextBox", "TextBox.csproj", "{832D6E49-5BCA-4197-82E7-DBABF2984832}"
EndProject
Global
	GlobalSection(SolutionConfigurationPlatforms) = preSolution
		Debug|Any CPU = Debug|Any CPU
		Release|Any CPU = Release|Any CPU
	EndGlobalSection
	GlobalSection(ProjectConfigurationPlatforms) = postSolution
		{832D6E49-5BCA-4197-82E7-DBABF2984832}.Debug|Any CPU.ActiveCfg = Debug|Any CPU
		{832D6E49-5BCA-4197-82E7-DBABF2984832}.Debug|Any CPU.Build.0 = Debug|Any CPU
		{832D6E49-5BCA-4197-82E7-DBABF2984832}.Release|Any CPU.ActiveCfg = Release|Any CPU
		{832D6E49-5BCA-4197-82E7-DBABF2984832}.Release|Any CPU.Build.0 = Release|Any CPU
	EndGlobalSection
	GlobalSection(SolutionProperties) = preSolution
		HideSolutionNode = FALSE
	EndGlobalSection
	GlobalSection(ExtensibilityGlobals) = postSolution
		SolutionGuid = {7804E7BF-E069-4A41-81F0-039DC8E23A54}
	EndGlobalSection
EndGlobal
