
Microsoft Visual Studio Solution File, Format Version 12.00
# Visual Studio Version 16
VisualStudioVersion = 16.0.30907.101
MinimumVisualStudioVersion = 10.0.40219.1
Project("{FAE04EC0-301F-11D3-BF4B-00C04F79EFBC}") = "ApplicationStartup", "ApplicationStartup.csproj", "{CFF5C746-B997-4FE9-938B-C9EE5ABEB631}"
EndProject
Global
	GlobalSection(SolutionConfigurationPlatforms) = preSolution
		Debug|Any CPU = Debug|Any CPU
		Release|Any CPU = Release|Any CPU
	EndGlobalSection
	GlobalSection(ProjectConfigurationPlatforms) = postSolution
		{CFF5C746-B997-4FE9-938B-C9EE5ABEB631}.Debug|Any CPU.ActiveCfg = Debug|Any CPU
		{CFF5C746-B997-4FE9-938B-C9EE5ABEB631}.Debug|Any CPU.Build.0 = Debug|Any CPU
		{CFF5C746-B997-4FE9-938B-C9EE5ABEB631}.Release|Any CPU.ActiveCfg = Release|Any CPU
		{CFF5C746-B997-4FE9-938B-C9EE5ABEB631}.Release|Any CPU.Build.0 = Release|Any CPU
	EndGlobalSection
	GlobalSection(SolutionProperties) = preSolution
		HideSolutionNode = FALSE
	EndGlobalSection
	GlobalSection(ExtensibilityGlobals) = postSolution
		SolutionGuid = {A46C7F88-4D67-4D2B-A446-2DF8362B82D4}
	EndGlobalSection
EndGlobal
