
Microsoft Visual Studio Solution File, Format Version 12.00
# Visual Studio 15
VisualStudioVersion = 15.0.28010.2050
MinimumVisualStudioVersion = 10.0.40219.1
Project("{FAE04EC0-301F-11D3-BF4B-00C04F79EFBC}") = "Interface-Datentypen", "Interface-Datentypen.csproj", "{97077E6F-C26E-40A9-94E6-ECD134C3AFC3}"
EndProject
Global
	GlobalSection(SolutionConfigurationPlatforms) = preSolution
		Debug|Any CPU = Debug|Any CPU
		Release|Any CPU = Release|Any CPU
	EndGlobalSection
	GlobalSection(ProjectConfigurationPlatforms) = postSolution
		{97077E6F-C26E-40A9-94E6-ECD134C3AFC3}.Debug|Any CPU.ActiveCfg = Debug|Any CPU
		{97077E6F-C26E-40A9-94E6-ECD134C3AFC3}.Debug|Any CPU.Build.0 = Debug|Any CPU
		{97077E6F-C26E-40A9-94E6-ECD134C3AFC3}.Release|Any CPU.ActiveCfg = Release|Any CPU
		{97077E6F-C26E-40A9-94E6-ECD134C3AFC3}.Release|Any CPU.Build.0 = Release|Any CPU
	EndGlobalSection
	GlobalSection(SolutionProperties) = preSolution
		HideSolutionNode = FALSE
	EndGlobalSection
	GlobalSection(ExtensibilityGlobals) = postSolution
		SolutionGuid = {BE2668E8-B4AB-4074-9187-D6F2822CE57A}
	EndGlobalSection
EndGlobal
