
Microsoft Visual Studio Solution File, Format Version 10.00
# Visual C# Express 2008
Project("{FAE04EC0-301F-11D3-BF4B-00C04F79EFBC}") = "DbFrontendVs", "DbFrontendVs.csproj", "{E4CDCA29-BF6E-49D7-BD3C-311860046D21}"
EndProject
Global
	GlobalSection(SolutionConfigurationPlatforms) = preSolution
		Debug|Any CPU = Debug|Any CPU
		Release|Any CPU = Release|Any CPU
	EndGlobalSection
	GlobalSection(ProjectConfigurationPlatforms) = postSolution
		{E4CDCA29-BF6E-49D7-BD3C-311860046D21}.Debug|Any CPU.ActiveCfg = Debug|Any CPU
		{E4CDCA29-BF6E-49D7-BD3C-311860046D21}.Debug|Any CPU.Build.0 = Debug|Any CPU
		{E4CDCA29-BF6E-49D7-BD3C-311860046D21}.Release|Any CPU.ActiveCfg = Release|Any CPU
		{E4CDCA29-BF6E-49D7-BD3C-311860046D21}.Release|Any CPU.Build.0 = Release|Any CPU
	EndGlobalSection
	GlobalSection(SolutionProperties) = preSolution
		HideSolutionNode = FALSE
	EndGlobalSection
EndGlobal
