
Microsoft Visual Studio Solution File, Format Version 12.00
# Visual Studio Version 16
VisualStudioVersion = 16.0.31424.327
MinimumVisualStudioVersion = 10.0.40219.1
Project("{9A19103F-16F7-4668-BE54-9A1E7A4F7556}") = "TcpServerTPL", "TcpServerTPL.csproj", "{D0D46C62-BAB9-4E68-9E10-48DADEF91BB4}"
EndProject
Global
	GlobalSection(SolutionConfigurationPlatforms) = preSolution
		Debug|Any CPU = Debug|Any CPU
		Release|Any CPU = Release|Any CPU
	EndGlobalSection
	GlobalSection(ProjectConfigurationPlatforms) = postSolution
		{D0D46C62-BAB9-4E68-9E10-48DADEF91BB4}.Debug|Any CPU.ActiveCfg = Debug|Any CPU
		{D0D46C62-BAB9-4E68-9E10-48DADEF91BB4}.Debug|Any CPU.Build.0 = Debug|Any CPU
		{D0D46C62-BAB9-4E68-9E10-48DADEF91BB4}.Release|Any CPU.ActiveCfg = Release|Any CPU
		{D0D46C62-BAB9-4E68-9E10-48DADEF91BB4}.Release|Any CPU.Build.0 = Release|Any CPU
	EndGlobalSection
	GlobalSection(SolutionProperties) = preSolution
		HideSolutionNode = FALSE
	EndGlobalSection
	GlobalSection(ExtensibilityGlobals) = postSolution
		SolutionGuid = {1CAC2A1E-0EBB-452E-B757-71A8C6A15BF3}
	EndGlobalSection
EndGlobal
