
Microsoft Visual Studio Solution File, Format Version 9.00
# Visual C# Express 2005
Project("{FAE04EC0-301F-11D3-BF4B-00C04F79EFBC}") = "POST", "POST.csproj", "{81BF72E0-EFCC-460E-893E-0CFF616AFB3C}"
EndProject
Global
	GlobalSection(SolutionConfigurationPlatforms) = preSolution
		Debug|Any CPU = Debug|Any CPU
		Release|Any CPU = Release|Any CPU
	EndGlobalSection
	GlobalSection(ProjectConfigurationPlatforms) = postSolution
		{81BF72E0-EFCC-460E-893E-0CFF616AFB3C}.Debug|Any CPU.ActiveCfg = Debug|Any CPU
		{81BF72E0-EFCC-460E-893E-0CFF616AFB3C}.Debug|Any CPU.Build.0 = Debug|Any CPU
		{81BF72E0-EFCC-460E-893E-0CFF616AFB3C}.Release|Any CPU.ActiveCfg = Release|Any CPU
		{81BF72E0-EFCC-460E-893E-0CFF616AFB3C}.Release|Any CPU.Build.0 = Release|Any CPU
	EndGlobalSection
	GlobalSection(SolutionProperties) = preSolution
		HideSolutionNode = FALSE
	EndGlobalSection
EndGlobal
