
Microsoft Visual Studio Solution File, Format Version 9.00
# Visual C# Express 2005
Project("{FAE04EC0-301F-11D3-BF4B-00C04F79EFBC}") = "Segmentsequenzen", "Segmentsequenzen.csproj", "{C88B3736-F6D5-474C-A18B-50BFEB604CBE}"
EndProject
Global
	GlobalSection(SolutionConfigurationPlatforms) = preSolution
		Debug|Any CPU = Debug|Any CPU
		Release|Any CPU = Release|Any CPU
	EndGlobalSection
	GlobalSection(ProjectConfigurationPlatforms) = postSolution
		{C88B3736-F6D5-474C-A18B-50BFEB604CBE}.Debug|Any CPU.ActiveCfg = Debug|Any CPU
		{C88B3736-F6D5-474C-A18B-50BFEB604CBE}.Debug|Any CPU.Build.0 = Debug|Any CPU
		{C88B3736-F6D5-474C-A18B-50BFEB604CBE}.Release|Any CPU.ActiveCfg = Release|Any CPU
		{C88B3736-F6D5-474C-A18B-50BFEB604CBE}.Release|Any CPU.Build.0 = Release|Any CPU
	EndGlobalSection
	GlobalSection(SolutionProperties) = preSolution
		HideSolutionNode = FALSE
	EndGlobalSection
EndGlobal
