
Microsoft Visual Studio Solution File, Format Version 12.00
# Visual Studio 15
VisualStudioVersion = 15.0.28010.2046
MinimumVisualStudioVersion = 10.0.40219.1
Project("{FAE04EC0-301F-11D3-BF4B-00C04F79EFBC}") = "b4 Klone", "b4 Klone.csproj", "{EFA756B3-B366-462E-B983-4FF3F51531CF}"
EndProject
Global
	GlobalSection(SolutionConfigurationPlatforms) = preSolution
		Debug|Any CPU = Debug|Any CPU
		Release|Any CPU = Release|Any CPU
	EndGlobalSection
	GlobalSection(ProjectConfigurationPlatforms) = postSolution
		{EFA756B3-B366-462E-B983-4FF3F51531CF}.Debug|Any CPU.ActiveCfg = Debug|Any CPU
		{EFA756B3-B366-462E-B983-4FF3F51531CF}.Debug|Any CPU.Build.0 = Debug|Any CPU
		{EFA756B3-B366-462E-B983-4FF3F51531CF}.Release|Any CPU.ActiveCfg = Release|Any CPU
		{EFA756B3-B366-462E-B983-4FF3F51531CF}.Release|Any CPU.Build.0 = Release|Any CPU
	EndGlobalSection
	GlobalSection(SolutionProperties) = preSolution
		HideSolutionNode = FALSE
	EndGlobalSection
	GlobalSection(ExtensibilityGlobals) = postSolution
		SolutionGuid = {F8AF0126-4478-4BB0-943D-EA0A325E08BF}
	EndGlobalSection
EndGlobal
