
Microsoft Visual Studio Solution File, Format Version 12.00
# Visual Studio 15
VisualStudioVersion = 15.0.28010.2050
MinimumVisualStudioVersion = 10.0.40219.1
Project("{FAE04EC0-301F-11D3-BF4B-00C04F79EFBC}") = "Canvas", "Canvas.csproj", "{90DB1332-42F2-412E-959A-BD1462337E33}"
EndProject
Global
	GlobalSection(SolutionConfigurationPlatforms) = preSolution
		Debug|Any CPU = Debug|Any CPU
		Release|Any CPU = Release|Any CPU
	EndGlobalSection
	GlobalSection(ProjectConfigurationPlatforms) = postSolution
		{90DB1332-42F2-412E-959A-BD1462337E33}.Debug|Any CPU.ActiveCfg = Debug|Any CPU
		{90DB1332-42F2-412E-959A-BD1462337E33}.Debug|Any CPU.Build.0 = Debug|Any CPU
		{90DB1332-42F2-412E-959A-BD1462337E33}.Release|Any CPU.ActiveCfg = Release|Any CPU
		{90DB1332-42F2-412E-959A-BD1462337E33}.Release|Any CPU.Build.0 = Release|Any CPU
	EndGlobalSection
	GlobalSection(SolutionProperties) = preSolution
		HideSolutionNode = FALSE
	EndGlobalSection
	GlobalSection(ExtensibilityGlobals) = postSolution
		SolutionGuid = {522CADDC-E7FA-480F-9552-4AD1661A9FF8}
	EndGlobalSection
EndGlobal
