
Microsoft Visual Studio Solution File, Format Version 12.00
# Visual Studio 15
VisualStudioVersion = 15.0.28307.421
MinimumVisualStudioVersion = 10.0.40219.1
Project("{FAE04EC0-301F-11D3-BF4B-00C04F79EFBC}") = "ExeptionFromAntecedentTask", "ExeptionFromAntecedentTask.csproj", "{E540E6BF-120F-4A83-859E-3D0BA1BE80D1}"
EndProject
Global
	GlobalSection(SolutionConfigurationPlatforms) = preSolution
		Debug|Any CPU = Debug|Any CPU
		Release|Any CPU = Release|Any CPU
	EndGlobalSection
	GlobalSection(ProjectConfigurationPlatforms) = postSolution
		{E540E6BF-120F-4A83-859E-3D0BA1BE80D1}.Debug|Any CPU.ActiveCfg = Debug|Any CPU
		{E540E6BF-120F-4A83-859E-3D0BA1BE80D1}.Debug|Any CPU.Build.0 = Debug|Any CPU
		{E540E6BF-120F-4A83-859E-3D0BA1BE80D1}.Release|Any CPU.ActiveCfg = Release|Any CPU
		{E540E6BF-120F-4A83-859E-3D0BA1BE80D1}.Release|Any CPU.Build.0 = Release|Any CPU
	EndGlobalSection
	GlobalSection(SolutionProperties) = preSolution
		HideSolutionNode = FALSE
	EndGlobalSection
	GlobalSection(ExtensibilityGlobals) = postSolution
		SolutionGuid = {6CA13FE4-44ED-4A83-A97F-3E1EE66DEDA6}
	EndGlobalSection
EndGlobal
